
Microsoft Visual Studio Solution File, Format Version 12.00
# Visual Studio 2012
Project("{262852C6-CD72-467D-83FE-5EEB1973A190}") = "Dev4Devs-Wams", "Dev4Devs-Wams\Dev4Devs-Wams.jsproj", "{41F046D8-0CCE-4D2E-A447-48CEE2EA0C92}"
EndProject
Global
	GlobalSection(SolutionConfigurationPlatforms) = preSolution
		Debug|Any CPU = Debug|Any CPU
		Debug|ARM = Debug|ARM
		Debug|x64 = Debug|x64
		Debug|x86 = Debug|x86
		Release|Any CPU = Release|Any CPU
		Release|ARM = Release|ARM
		Release|x64 = Release|x64
		Release|x86 = Release|x86
	EndGlobalSection
	GlobalSection(ProjectConfigurationPlatforms) = postSolution
		{41F046D8-0CCE-4D2E-A447-48CEE2EA0C92}.Debug|Any CPU.ActiveCfg = Debug|Any CPU
		{41F046D8-0CCE-4D2E-A447-48CEE2EA0C92}.Debug|Any CPU.Build.0 = Debug|Any CPU
		{41F046D8-0CCE-4D2E-A447-48CEE2EA0C92}.Debug|Any CPU.Deploy.0 = Debug|Any CPU
		{41F046D8-0CCE-4D2E-A447-48CEE2EA0C92}.Debug|ARM.ActiveCfg = Debug|ARM
		{41F046D8-0CCE-4D2E-A447-48CEE2EA0C92}.Debug|ARM.Build.0 = Debug|ARM
		{41F046D8-0CCE-4D2E-A447-48CEE2EA0C92}.Debug|ARM.Deploy.0 = Debug|ARM
		{41F046D8-0CCE-4D2E-A447-48CEE2EA0C92}.Debug|x64.ActiveCfg = Debug|x64
		{41F046D8-0CCE-4D2E-A447-48CEE2EA0C92}.Debug|x64.Build.0 = Debug|x64
		{41F046D8-0CCE-4D2E-A447-48CEE2EA0C92}.Debug|x64.Deploy.0 = Debug|x64
		{41F046D8-0CCE-4D2E-A447-48CEE2EA0C92}.Debug|x86.ActiveCfg = Debug|x86
		{41F046D8-0CCE-4D2E-A447-48CEE2EA0C92}.Debug|x86.Build.0 = Debug|x86
		{41F046D8-0CCE-4D2E-A447-48CEE2EA0C92}.Debug|x86.Deploy.0 = Debug|x86
		{41F046D8-0CCE-4D2E-A447-48CEE2EA0C92}.Release|Any CPU.ActiveCfg = Release|Any CPU
		{41F046D8-0CCE-4D2E-A447-48CEE2EA0C92}.Release|Any CPU.Build.0 = Release|Any CPU
		{41F046D8-0CCE-4D2E-A447-48CEE2EA0C92}.Release|Any CPU.Deploy.0 = Release|Any CPU
		{41F046D8-0CCE-4D2E-A447-48CEE2EA0C92}.Release|ARM.ActiveCfg = Release|ARM
		{41F046D8-0CCE-4D2E-A447-48CEE2EA0C92}.Release|ARM.Build.0 = Release|ARM
		{41F046D8-0CCE-4D2E-A447-48CEE2EA0C92}.Release|ARM.Deploy.0 = Release|ARM
		{41F046D8-0CCE-4D2E-A447-48CEE2EA0C92}.Release|x64.ActiveCfg = Release|x64
		{41F046D8-0CCE-4D2E-A447-48CEE2EA0C92}.Release|x64.Build.0 = Release|x64
		{41F046D8-0CCE-4D2E-A447-48CEE2EA0C92}.Release|x64.Deploy.0 = Release|x64
		{41F046D8-0CCE-4D2E-A447-48CEE2EA0C92}.Release|x86.ActiveCfg = Release|x86
		{41F046D8-0CCE-4D2E-A447-48CEE2EA0C92}.Release|x86.Build.0 = Release|x86
		{41F046D8-0CCE-4D2E-A447-48CEE2EA0C92}.Release|x86.Deploy.0 = Release|x86
	EndGlobalSection
	GlobalSection(SolutionProperties) = preSolution
		HideSolutionNode = FALSE
	EndGlobalSection
EndGlobal
